
Microsoft Visual Studio Solution File, Format Version 12.00
# Visual Studio Version 17
VisualStudioVersion = 17.13.35818.85
MinimumVisualStudioVersion = 10.0.40219.1
Project("{FAE04EC0-301F-11D3-BF4B-00C04F79EFBC}") = "Lithicsoft AI Studio Installer", "Lithicsoft AI Studio Installer.csproj", "{B664FCF0-370A-420C-A5D6-28676D00547B}"
EndProject
Global
	GlobalSection(SolutionConfigurationPlatforms) = preSolution
		Debug|Any CPU = Debug|Any CPU
		Release|Any CPU = Release|Any CPU
	EndGlobalSection
	GlobalSection(ProjectConfigurationPlatforms) = postSolution
		{B664FCF0-370A-420C-A5D6-28676D00547B}.Debug|Any CPU.ActiveCfg = Debug|Any CPU
		{B664FCF0-370A-420C-A5D6-28676D00547B}.Debug|Any CPU.Build.0 = Debug|Any CPU
		{B664FCF0-370A-420C-A5D6-28676D00547B}.Release|Any CPU.ActiveCfg = Release|Any CPU
		{B664FCF0-370A-420C-A5D6-28676D00547B}.Release|Any CPU.Build.0 = Release|Any CPU
	EndGlobalSection
	GlobalSection(SolutionProperties) = preSolution
		HideSolutionNode = FALSE
	EndGlobalSection
	GlobalSection(ExtensibilityGlobals) = postSolution
		SolutionGuid = {051FD39D-A7AC-4754-BE3D-5D027058E586}
	EndGlobalSection
EndGlobal
